
Microsoft Visual Studio Solution File, Format Version 12.00
# Visual Studio Version 16
VisualStudioVersion = 16.0.29215.179
MinimumVisualStudioVersion = 10.0.40219.1
Project("{FAE04EC0-301F-11D3-BF4B-00C04F79EFBC}") = "Assignment1_Fall2019", "Assignment1_Fall2019.csproj", "{91B74C9A-5DD3-4280-9C2D-5C1B9C6C4A42}"
EndProject
Global
	GlobalSection(SolutionConfigurationPlatforms) = preSolution
		Debug|Any CPU = Debug|Any CPU
		Release|Any CPU = Release|Any CPU
	EndGlobalSection
	GlobalSection(ProjectConfigurationPlatforms) = postSolution
		{91B74C9A-5DD3-4280-9C2D-5C1B9C6C4A42}.Debug|Any CPU.ActiveCfg = Debug|Any CPU
		{91B74C9A-5DD3-4280-9C2D-5C1B9C6C4A42}.Debug|Any CPU.Build.0 = Debug|Any CPU
		{91B74C9A-5DD3-4280-9C2D-5C1B9C6C4A42}.Release|Any CPU.ActiveCfg = Release|Any CPU
		{91B74C9A-5DD3-4280-9C2D-5C1B9C6C4A42}.Release|Any CPU.Build.0 = Release|Any CPU
	EndGlobalSection
	GlobalSection(SolutionProperties) = preSolution
		HideSolutionNode = FALSE
	EndGlobalSection
	GlobalSection(ExtensibilityGlobals) = postSolution
		SolutionGuid = {E642A075-8E4E-47F3-922C-CFA87F547115}
	EndGlobalSection
EndGlobal
